
Microsoft Visual Studio Solution File, Format Version 12.00
# Visual Studio 2013
VisualStudioVersion = 12.0.40629.0
MinimumVisualStudioVersion = 10.0.40219.1
Project("{FAE04EC0-301F-11D3-BF4B-00C04F79EFBC}") = "WebAPI.Separate.Controller.Project", "WebAPI.Separate.Controller.Project\WebAPI.Separate.Controller.Project.csproj", "{9DB2060D-13FC-4C69-A626-67BF839A8671}"
EndProject
Project("{FAE04EC0-301F-11D3-BF4B-00C04F79EFBC}") = "Controllers.Library", "Controllers.Library\Controllers.Library.csproj", "{2C47FD94-3776-4844-A945-B509C7C6218E}"
EndProject
Project("{FAE04EC0-301F-11D3-BF4B-00C04F79EFBC}") = "Controllers.Tests", "Controllers.Tests\Controllers.Tests.csproj", "{ED35EE05-2A6D-409E-8367-0B7EA73118EB}"
EndProject
Global
	GlobalSection(SolutionConfigurationPlatforms) = preSolution
		Debug|Any CPU = Debug|Any CPU
		Release|Any CPU = Release|Any CPU
	EndGlobalSection
	GlobalSection(ProjectConfigurationPlatforms) = postSolution
		{9DB2060D-13FC-4C69-A626-67BF839A8671}.Debug|Any CPU.ActiveCfg = Debug|Any CPU
		{9DB2060D-13FC-4C69-A626-67BF839A8671}.Debug|Any CPU.Build.0 = Debug|Any CPU
		{9DB2060D-13FC-4C69-A626-67BF839A8671}.Release|Any CPU.ActiveCfg = Release|Any CPU
		{9DB2060D-13FC-4C69-A626-67BF839A8671}.Release|Any CPU.Build.0 = Release|Any CPU
		{2C47FD94-3776-4844-A945-B509C7C6218E}.Debug|Any CPU.ActiveCfg = Debug|Any CPU
		{2C47FD94-3776-4844-A945-B509C7C6218E}.Debug|Any CPU.Build.0 = Debug|Any CPU
		{2C47FD94-3776-4844-A945-B509C7C6218E}.Release|Any CPU.ActiveCfg = Release|Any CPU
		{2C47FD94-3776-4844-A945-B509C7C6218E}.Release|Any CPU.Build.0 = Release|Any CPU
		{ED35EE05-2A6D-409E-8367-0B7EA73118EB}.Debug|Any CPU.ActiveCfg = Debug|Any CPU
		{ED35EE05-2A6D-409E-8367-0B7EA73118EB}.Debug|Any CPU.Build.0 = Debug|Any CPU
		{ED35EE05-2A6D-409E-8367-0B7EA73118EB}.Release|Any CPU.ActiveCfg = Release|Any CPU
		{ED35EE05-2A6D-409E-8367-0B7EA73118EB}.Release|Any CPU.Build.0 = Release|Any CPU
	EndGlobalSection
	GlobalSection(SolutionProperties) = preSolution
		HideSolutionNode = FALSE
	EndGlobalSection
EndGlobal
